
Microsoft Visual Studio Solution File, Format Version 12.00
# Visual Studio Version 17
VisualStudioVersion = 17.5.002.0
MinimumVisualStudioVersion = 10.0.40219.1
Project("{9A19103F-16F7-4668-BE54-9A1E7A4F7556}") = "crud-swashbuckle", "crud-swashbuckle.csproj", "{C2E1C7B4-889B-4707-BD39-53CB75838C6B}"
EndProject
Global
	GlobalSection(SolutionConfigurationPlatforms) = preSolution
		Debug|Any CPU = Debug|Any CPU
		Release|Any CPU = Release|Any CPU
	EndGlobalSection
	GlobalSection(ProjectConfigurationPlatforms) = postSolution
		{C2E1C7B4-889B-4707-BD39-53CB75838C6B}.Debug|Any CPU.ActiveCfg = Debug|Any CPU
		{C2E1C7B4-889B-4707-BD39-53CB75838C6B}.Debug|Any CPU.Build.0 = Debug|Any CPU
		{C2E1C7B4-889B-4707-BD39-53CB75838C6B}.Release|Any CPU.ActiveCfg = Release|Any CPU
		{C2E1C7B4-889B-4707-BD39-53CB75838C6B}.Release|Any CPU.Build.0 = Release|Any CPU
	EndGlobalSection
	GlobalSection(SolutionProperties) = preSolution
		HideSolutionNode = FALSE
	EndGlobalSection
	GlobalSection(ExtensibilityGlobals) = postSolution
		SolutionGuid = {B08485E1-FB86-4549-B5D6-FEF901B393DE}
	EndGlobalSection
EndGlobal
